// !$*UTF8*$!
{
	archiveVersion = 1;
	classes = {
	};
	objectVersion = 50;
	objects = {

/* Begin PBXBuildFile section */
		7698A8FD2544ACC800D443DF /* ClassConnectApp.swift in Sources */ = {isa = PBXBuildFile; fileRef = 7698A8FC2544ACC800D443DF /* ClassConnectApp.swift */; };
		7698A8FF2544ACC800D443DF /* ContentView.swift in Sources */ = {isa = PBXBuildFile; fileRef = 7698A8FE2544ACC800D443DF /* ContentView.swift */; };
		7698A9012544ACCC00D443DF /* Assets.xcassets in Resources */ = {isa = PBXBuildFile; fileRef = 7698A9002544ACCC00D443DF /* Assets.xcassets */; };
		7698A9042544ACCC00D443DF /* Preview Assets.xcassets in Resources */ = {isa = PBXBuildFile; fileRef = 7698A9032544ACCC00D443DF /* Preview Assets.xcassets */; };
		7698A9262544AF4E00D443DF /* Models in Resources */ = {isa = PBXBuildFile; fileRef = 7698A9252544AF4E00D443DF /* Models */; };
		7698A9292544AF5600D443DF /* ViewModels in Resources */ = {isa = PBXBuildFile; fileRef = 7698A9282544AF5600D443DF /* ViewModels */; };
		7698A92C2544AF5C00D443DF /* Views in Resources */ = {isa = PBXBuildFile; fileRef = 7698A92B2544AF5C00D443DF /* Views */; };
/* End PBXBuildFile section */

/* Begin PBXFileReference section */
		7698A8F92544ACC800D443DF /* ClassConnect.app */ = {isa = PBXFileReference; explicitFileType = wrapper.application; includeInIndex = 0; path = ClassConnect.app; sourceTree = BUILT_PRODUCTS_DIR; };
		7698A8FC2544ACC800D443DF /* ClassConnectApp.swift */ = {isa = PBXFileReference; lastKnownFileType = sourcecode.swift; path = ClassConnectApp.swift; sourceTree = "<group>"; };
		7698A8FE2544ACC800D443DF /* ContentView.swift */ = {isa = PBXFileReference; lastKnownFileType = sourcecode.swift; path = ContentView.swift; sourceTree = "<group>"; };
		7698A9002544ACCC00D443DF /* Assets.xcassets */ = {isa = PBXFileReference; lastKnownFileType = folder.assetcatalog; path = Assets.xcassets; sourceTree = "<group>"; };
		7698A9032544ACCC00D443DF /* Preview Assets.xcassets */ = {isa = PBXFileReference; lastKnownFileType = folder.assetcatalog; path = "Preview Assets.xcassets"; sourceTree = "<group>"; };
		7698A9052544ACCC00D443DF /* Info.plist */ = {isa = PBXFileReference; lastKnownFileType = text.plist.xml; path = Info.plist; sourceTree = "<group>"; };
		7698A9252544AF4E00D443DF /* Models */ = {isa = PBXFileReference; lastKnownFileType = folder; path = Models; sourceTree = "<group>"; };
		7698A9282544AF5600D443DF /* ViewModels */ = {isa = PBXFileReference; lastKnownFileType = folder; path = ViewModels; sourceTree = "<group>"; };
		7698A92B2544AF5C00D443DF /* Views */ = {isa = PBXFileReference; lastKnownFileType = folder; path = Views; sourceTree = "<group>"; };
/* End PBXFileReference section */

/* Begin PBXFrameworksBuildPhase section */
		7698A8F62544ACC800D443DF /* Frameworks */ = {
			isa = PBXFrameworksBuildPhase;
			buildActionMask = 2147483647;
			files = (
			);
			runOnlyForDeploymentPostprocessing = 0;
		};
/* End PBXFrameworksBuildPhase section */

/* Begin PBXGroup section */
		7698A8F02544ACC800D443DF = {
			isa = PBXGroup;
			children = (
				7698A8FB2544ACC800D443DF /* ClassConnect */,
				7698A8FA2544ACC800D443DF /* Products */,
			);
			sourceTree = "<group>";
		};
		7698A8FA2544ACC800D443DF /* Products */ = {
			isa = PBXGroup;
			children = (
				7698A8F92544ACC800D443DF /* ClassConnect.app */,
			);
			name = Products;
			sourceTree = "<group>";
		};
		7698A8FB2544ACC800D443DF /* ClassConnect */ = {
			isa = PBXGroup;
			children = (
				7698A9252544AF4E00D443DF /* Models */,
				7698A9282544AF5600D443DF /* ViewModels */,
				7698A92B2544AF5C00D443DF /* Views */,
				7698A8FC2544ACC800D443DF /* ClassConnectApp.swift */,
				7698A8FE2544ACC800D443DF /* ContentView.swift */,
				7698A9002544ACCC00D443DF /* Assets.xcassets */,
				7698A9052544ACCC00D443DF /* Info.plist */,
				7698A9022544ACCC00D443DF /* Preview Content */,
			);
			path = ClassConnect;
			sourceTree = "<group>";
		};
		7698A9022544ACCC00D443DF /* Preview Content */ = {
			isa = PBXGroup;
			children = (
				7698A9032544ACCC00D443DF /* Preview Assets.xcassets */,
			);
			path = "Preview Content";
			sourceTree = "<group>";
		};
/* End PBXGroup section */

/* Begin PBXNativeTarget section */
		7698A8F82544ACC800D443DF /* ClassConnect */ = {
			isa = PBXNativeTarget;
			buildConfigurationList = 7698A9082544ACCC00D443DF /* Build configuration list for PBXNativeTarget "ClassConnect" */;
			buildPhases = (
				7698A8F52544ACC800D443DF /* Sources */,
				7698A8F62544ACC800D443DF /* Frameworks */,
				7698A8F72544ACC800D443DF /* Resources */,
			);
			buildRules = (
			);
			dependencies = (
			);
			name = ClassConnect;
			productName = ClassConnect;
			productReference = 7698A8F92544ACC800D443DF /* ClassConnect.app */;
			productType = "com.apple.product-type.application";
		};
/* End PBXNativeTarget section */

/* Begin PBXProject section */
		7698A8F12544ACC800D443DF /* Project object */ = {
			isa = PBXProject;
			attributes = {
				LastSwiftUpdateCheck = 1210;
				LastUpgradeCheck = 1210;
				TargetAttributes = {
					7698A8F82544ACC800D443DF = {
						CreatedOnToolsVersion = 12.1;
					};
				};
			};
			buildConfigurationList = 7698A8F42544ACC800D443DF /* Build configuration list for PBXProject "ClassConnect" */;
			compatibilityVersion = "Xcode 9.3";
			developmentRegion = en;
			hasScannedForEncodings = 0;
			knownRegions = (
				en,
				Base,
			);
			mainGroup = 7698A8F02544ACC800D443DF;
			productRefGroup = 7698A8FA2544ACC800D443DF /* Products */;
			projectDirPath = "";
			projectRoot = "";
			targets = (
				7698A8F82544ACC800D443DF /* ClassConnect */,
			);
		};
/* End PBXProject section */

/* Begin PBXResourcesBuildPhase section */
		7698A8F72544ACC800D443DF /* Resources */ = {
			isa = PBXResourcesBuildPhase;
			buildActionMask = 2147483647;
			files = (
				7698A9262544AF4E00D443DF /* Models in Resources */,
				7698A9292544AF5600D443DF /* ViewModels in Resources */,
				7698A9042544ACCC00D443DF /* Preview Assets.xcassets in Resources */,
				7698A9012544ACCC00D443DF /* Assets.xcassets in Resources */,
				7698A92C2544AF5C00D443DF /* Views in Resources */,
			);
			runOnlyForDeploymentPostprocessing = 0;
		};
/* End PBXResourcesBuildPhase section */

/* Begin PBXSourcesBuildPhase section */
		7698A8F52544ACC800D443DF /* Sources */ = {
			isa = PBXSourcesBuildPhase;
			buildActionMask = 2147483647;
			files = (
				7698A8FF2544ACC800D443DF /* ContentView.swift in Sources */,
				7698A8FD2544ACC800D443DF /* ClassConnectApp.swift in Sources */,
			);
			runOnlyForDeploymentPostprocessing = 0;
		};
/* End PBXSourcesBuildPhase section */

/* Begin XCBuildConfiguration section */
		7698A9062544ACCC00D443DF /* Debug */ = {
			isa = XCBuildConfiguration;
			buildSettings = {
				ALWAYS_SEARCH_USER_PATHS = NO;
				CLANG_ANALYZER_NONNULL = YES;
				CLANG_ANALYZER_NUMBER_OBJECT_CONVERSION = YES_AGGRESSIVE;
				CLANG_CXX_LANGUAGE_STANDARD = "gnu++14";
				CLANG_CXX_LIBRARY = "libc++";
				CLANG_ENABLE_MODULES = YES;
				CLANG_ENABLE_OBJC_ARC = YES;
				CLANG_ENABLE_OBJC_WEAK = YES;
				CLANG_WARN_BLOCK_CAPTURE_AUTORELEASING = YES;
				CLANG_WARN_BOOL_CONVERSION = YES;
				CLANG_WARN_COMMA = YES;
				CLANG_WARN_CONSTANT_CONVERSION = YES;
				CLANG_WARN_DEPRECATED_OBJC_IMPLEMENTATIONS = YES;
				CLANG_WARN_DIRECT_OBJC_ISA_USAGE = YES_ERROR;
				CLANG_WARN_DOCUMENTATION_COMMENTS = YES;
				CLANG_WARN_EMPTY_BODY = YES;
				CLANG_WARN_ENUM_CONVERSION = YES;
				CLANG_WARN_INFINITE_RECURSION = YES;
				CLANG_WARN_INT_CONVERSION = YES;
				CLANG_WARN_NON_LITERAL_NULL_CONVERSION = YES;
				CLANG_WARN_OBJC_IMPLICIT_RETAIN_SELF = YES;
				CLANG_WARN_OBJC_LITERAL_CONVERSION = YES;
				CLANG_WARN_OBJC_ROOT_CLASS = YES_ERROR;
				CLANG_WARN_QUOTED_INCLUDE_IN_FRAMEWORK_HEADER = YES;
				CLANG_WARN_RANGE_LOOP_ANALYSIS = YES;
				CLANG_WARN_STRICT_PROTOTYPES = YES;
				CLANG_WARN_SUSPICIOUS_MOVE = YES;
				CLANG_WARN_UNGUARDED_AVAILABILITY = YES_AGGRESSIVE;
				CLANG_WARN_UNREACHABLE_CODE = YES;
				CLANG_WARN__DUPLICATE_METHOD_MATCH = YES;
				COPY_PHASE_STRIP = NO;
				DEBUG_INFORMATION_FORMAT = dwarf;
				ENABLE_STRICT_OBJC_MSGSEND = YES;
				ENABLE_TESTABILITY = YES;
				GCC_C_LANGUAGE_STANDARD = gnu11;
				GCC_DYNAMIC_NO_PIC = NO;
				GCC_NO_COMMON_BLOCKS = YES;
				GCC_OPTIMIZATION_LEVEL = 0;
				GCC_PREPROCESSOR_DEFINITIONS = (
					"DEBUG=1",
					"$(inherited)",
				);
				GCC_WARN_64_TO_32_BIT_CONVERSION = YES;
				GCC_WARN_ABOUT_RETURN_TYPE = YES_ERROR;
				GCC_WARN_UNDECLARED_SELECTOR = YES;
				GCC_WARN_UNINITIALIZED_AUTOS = YES_AGGRESSIVE;
				GCC_WARN_UNUSED_FUNCTION = YES;
				GCC_WARN_UNUSED_VARIABLE = YES;
				IPHONEOS_DEPLOYMENT_TARGET = 14.1;
				MTL_ENABLE_DEBUG_INFO = INCLUDE_SOURCE;
				MTL_FAST_MATH = YES;
				ONLY_ACTIVE_ARCH = YES;
				SDKROOT = iphoneos;
				SWIFT_ACTIVE_COMPILATION_CONDITIONS = DEBUG;
				SWIFT_OPTIMIZATION_LEVEL = "-Onone";
			};
			name = Debug;
		};
		7698A9072544ACCC00D443DF /* Release */ = {
			isa = XCBuildConfiguration;
			buildSettings = {
				ALWAYS_SEARCH_USER_PATHS = NO;
				CLANG_ANALYZER_NONNULL = YES;
				CLANG_ANALYZER_NUMBER_OBJECT_CONVERSION = YES_AGGRESSIVE;
				CLANG_CXX_LANGUAGE_STANDARD = "gnu++14";
				CLANG_CXX_LIBRARY = "libc++";
				CLANG_ENABLE_MODULES = YES;
				CLANG_ENABLE_OBJC_ARC = YES;
				CLANG_ENABLE_OBJC_WEAK = YES;
				CLANG_WARN_BLOCK_CAPTURE_AUTORELEASING = YES;
				CLANG_WARN_BOOL_CONVERSION = YES;
				CLANG_WARN_COMMA = YES;
				CLANG_WARN_CONSTANT_CONVERSION = YES;
				CLANG_WARN_DEPRECATED_OBJC_IMPLEMENTATIONS = YES;
				CLANG_WARN_DIRECT_OBJC_ISA_USAGE = YES_ERROR;
				CLANG_WARN_DOCUMENTATION_COMMENTS = YES;
				CLANG_WARN_EMPTY_BODY = YES;
				CLANG_WARN_ENUM_CONVERSION = YES;
				CLANG_WARN_INFINITE_RECURSION = YES;
				CLANG_WARN_INT_CONVERSION = YES;
				CLANG_WARN_NON_LITERAL_NULL_CONVERSION = YES;
				CLANG_WARN_OBJC_IMPLICIT_RETAIN_SELF = YES;
				CLANG_WARN_OBJC_LITERAL_CONVERSION = YES;
				CLANG_WARN_OBJC_ROOT_CLASS = YES_ERROR;
				CLANG_WARN_QUOTED_INCLUDE_IN_FRAMEWORK_HEADER = YES;
				CLANG_WARN_RANGE_LOOP_ANALYSIS = YES;
				CLANG_WARN_STRICT_PROTOTYPES = YES;
				CLANG_WARN_SUSPICIOUS_MOVE = YES;
				CLANG_WARN_UNGUARDED_AVAILABILITY = YES_AGGRESSIVE;
				CLANG_WARN_UNREACHABLE_CODE = YES;
				CLANG_WARN__DUPLICATE_METHOD_MATCH = YES;
				COPY_PHASE_STRIP = NO;
				DEBUG_INFORMATION_FORMAT = "dwarf-with-dsym";
				ENABLE_NS_ASSERTIONS = NO;
				ENABLE_STRICT_OBJC_MSGSEND = YES;
				GCC_C_LANGUAGE_STANDARD = gnu11;
				GCC_NO_COMMON_BLOCKS = YES;
				GCC_WARN_64_TO_32_BIT_CONVERSION = YES;
				GCC_WARN_ABOUT_RETURN_TYPE = YES_ERROR;
				GCC_WARN_UNDECLARED_SELECTOR = YES;
				GCC_WARN_UNINITIALIZED_AUTOS = YES_AGGRESSIVE;
				GCC_WARN_UNUSED_FUNCTION = YES;
				GCC_WARN_UNUSED_VARIABLE = YES;
				IPHONEOS_DEPLOYMENT_TARGET = 14.1;
				MTL_ENABLE_DEBUG_INFO = NO;
				MTL_FAST_MATH = YES;
				SDKROOT = iphoneos;
				SWIFT_COMPILATION_MODE = wholemodule;
				SWIFT_OPTIMIZATION_LEVEL = "-O";
				VALIDATE_PRODUCT = YES;
			};
			name = Release;
		};
		7698A9092544ACCC00D443DF /* Debug */ = {
			isa = XCBuildConfiguration;
			buildSettings = {
				ASSETCATALOG_COMPILER_APPICON_NAME = AppIcon;
				ASSETCATALOG_COMPILER_GLOBAL_ACCENT_COLOR_NAME = AccentColor;
				CODE_SIGN_STYLE = Automatic;
				DEVELOPMENT_ASSET_PATHS = "\"ClassConnect/Preview Content\"";
				DEVELOPMENT_TEAM = YU4T7XHLGR;
				ENABLE_PREVIEWS = YES;
				INFOPLIST_FILE = ClassConnect/Info.plist;
				IPHONEOS_DEPLOYMENT_TARGET = 14.0;
				LD_RUNPATH_SEARCH_PATHS = (
					"$(inherited)",
					"@executable_path/Frameworks",
				);
				PRODUCT_BUNDLE_IDENTIFIER = com.MGCF1.ClassConnect;
				PRODUCT_NAME = "$(TARGET_NAME)";
				SWIFT_VERSION = 5.0;
				TARGETED_DEVICE_FAMILY = "1,2";
			};
			name = Debug;
		};
		7698A90A2544ACCC00D443DF /* Release */ = {
			isa = XCBuildConfiguration;
			buildSettings = {
				ASSETCATALOG_COMPILER_APPICON_NAME = AppIcon;
				ASSETCATALOG_COMPILER_GLOBAL_ACCENT_COLOR_NAME = AccentColor;
				CODE_SIGN_STYLE = Automatic;
				DEVELOPMENT_ASSET_PATHS = "\"ClassConnect/Preview Content\"";
				DEVELOPMENT_TEAM = YU4T7XHLGR;
				ENABLE_PREVIEWS = YES;
				INFOPLIST_FILE = ClassConnect/Info.plist;
				IPHONEOS_DEPLOYMENT_TARGET = 14.0;
				LD_RUNPATH_SEARCH_PATHS = (
					"$(inherited)",
					"@executable_path/Frameworks",
				);
				PRODUCT_BUNDLE_IDENTIFIER = com.MGCF1.ClassConnect;
				PRODUCT_NAME = "$(TARGET_NAME)";
				SWIFT_VERSION = 5.0;
				TARGETED_DEVICE_FAMILY = "1,2";
			};
			name = Release;
		};
/* End XCBuildConfiguration section */

/* Begin XCConfigurationList section */
		7698A8F42544ACC800D443DF /* Build configuration list for PBXProject "ClassConnect" */ = {
			isa = XCConfigurationList;
			buildConfigurations = (
				7698A9062544ACCC00D443DF /* Debug */,
				7698A9072544ACCC00D443DF /* Release */,
			);
			defaultConfigurationIsVisible = 0;
			defaultConfigurationName = Release;
		};
		7698A9082544ACCC00D443DF /* Build configuration list for PBXNativeTarget "ClassConnect" */ = {
			isa = XCConfigurationList;
			buildConfigurations = (
				7698A9092544ACCC00D443DF /* Debug */,
				7698A90A2544ACCC00D443DF /* Release */,
			);
			defaultConfigurationIsVisible = 0;
			defaultConfigurationName = Release;
		};
/* End XCConfigurationList section */
	};
	rootObject = 7698A8F12544ACC800D443DF /* Project object */;
}
